// !$*UTF8*$!
{
    archiveVersion = 1;
    classes = {};
    objectVersion = 46;
    rootObject = __RootObject_;
    objects = {
        __RootObject_ = {
            isa = PBXProject;
            attributes = {LastUpgradeCheck = 9999;};
            buildConfigurationList = ___RootConfs_;
            compatibilityVersion = 'Xcode 3.2';
            developmentRegion = English;
            hasScannedForEncodings = 0;
            knownRegions = (en);
            mainGroup = ___RootGroup_;
            productRefGroup = ____Products_;
            projectDirPath = '';
            projectRoot = '';
            targets = (______Target_ObjectMapper);
        };
        '__PBXFileRef_Package.swift' = {
            isa = PBXFileReference;
            lastKnownFileType = sourcecode.swift;
            path = 'Package.swift';
            sourceTree = '<group>';
        };
        '__PBXFileRef_ObjectMapper.xcworkspace' = {
            isa = PBXFileReference;
            lastKnownFileType = folder;
            name = 'ObjectMapper.xcworkspace';
            path = 'ObjectMapper.xcworkspace';
            sourceTree = '<group>';
        };
        ___RootGroup_ = {
            isa = PBXGroup;
            children = ('__PBXFileRef_Package.swift', _____Configs_, _____Sources_, '__PBXFileRef_ObjectMapper.xcworkspace', Dependencies_, _______Tests_, ____Products_);
            sourceTree = '<group>';
        };
        _______Group_ObjectMapper = {
            isa = PBXGroup;
            name = 'ObjectMapper';
            path = 'Sources';
            sourceTree = '<group>';
            children = ('__PBXFileRef_Sources/CustomDateFormatTransform.swift', '__PBXFileRef_Sources/DataTransform.swift', '__PBXFileRef_Sources/DateFormatterTransform.swift', '__PBXFileRef_Sources/DateTransform.swift', '__PBXFileRef_Sources/DictionaryTransform.swift', '__PBXFileRef_Sources/EnumTransform.swift', '__PBXFileRef_Sources/FromJSON.swift', '__PBXFileRef_Sources/ISO8601DateTransform.swift', '__PBXFileRef_Sources/Map.swift', '__PBXFileRef_Sources/Mappable.swift', '__PBXFileRef_Sources/Mapper.swift', '__PBXFileRef_Sources/NSDecimalNumberTransform.swift', '__PBXFileRef_Sources/Operators.swift', '__PBXFileRef_Sources/ToJSON.swift', '__PBXFileRef_Sources/TransformOf.swift', '__PBXFileRef_Sources/TransformType.swift', '__PBXFileRef_Sources/URLTransform.swift');
        };
        '__PBXFileRef_Sources/CustomDateFormatTransform.swift' = {
            isa = PBXFileReference;
            lastKnownFileType = sourcecode.swift;
            path = 'CustomDateFormatTransform.swift';
            sourceTree = '<group>';
        };
        '__PBXFileRef_Sources/DataTransform.swift' = {
            isa = PBXFileReference;
            lastKnownFileType = sourcecode.swift;
            path = 'DataTransform.swift';
            sourceTree = '<group>';
        };
        '__PBXFileRef_Sources/DateFormatterTransform.swift' = {
            isa = PBXFileReference;
            lastKnownFileType = sourcecode.swift;
            path = 'DateFormatterTransform.swift';
            sourceTree = '<group>';
        };
        '__PBXFileRef_Sources/DateTransform.swift' = {
            isa = PBXFileReference;
            lastKnownFileType = sourcecode.swift;
            path = 'DateTransform.swift';
            sourceTree = '<group>';
        };
        '__PBXFileRef_Sources/DictionaryTransform.swift' = {
            isa = PBXFileReference;
            lastKnownFileType = sourcecode.swift;
            path = 'DictionaryTransform.swift';
            sourceTree = '<group>';
        };
        '__PBXFileRef_Sources/EnumTransform.swift' = {
            isa = PBXFileReference;
            lastKnownFileType = sourcecode.swift;
            path = 'EnumTransform.swift';
            sourceTree = '<group>';
        };
        '__PBXFileRef_Sources/FromJSON.swift' = {
            isa = PBXFileReference;
            lastKnownFileType = sourcecode.swift;
            path = 'FromJSON.swift';
            sourceTree = '<group>';
        };
        '__PBXFileRef_Sources/ISO8601DateTransform.swift' = {
            isa = PBXFileReference;
            lastKnownFileType = sourcecode.swift;
            path = 'ISO8601DateTransform.swift';
            sourceTree = '<group>';
        };
        '__PBXFileRef_Sources/Map.swift' = {
            isa = PBXFileReference;
            lastKnownFileType = sourcecode.swift;
            path = 'Map.swift';
            sourceTree = '<group>';
        };
        '__PBXFileRef_Sources/Mappable.swift' = {
            isa = PBXFileReference;
            lastKnownFileType = sourcecode.swift;
            path = 'Mappable.swift';
            sourceTree = '<group>';
        };
        '__PBXFileRef_Sources/Mapper.swift' = {
            isa = PBXFileReference;
            lastKnownFileType = sourcecode.swift;
            path = 'Mapper.swift';
            sourceTree = '<group>';
        };
        '__PBXFileRef_Sources/NSDecimalNumberTransform.swift' = {
            isa = PBXFileReference;
            lastKnownFileType = sourcecode.swift;
            path = 'NSDecimalNumberTransform.swift';
            sourceTree = '<group>';
        };
        '__PBXFileRef_Sources/Operators.swift' = {
            isa = PBXFileReference;
            lastKnownFileType = sourcecode.swift;
            path = 'Operators.swift';
            sourceTree = '<group>';
        };
        '__PBXFileRef_Sources/ToJSON.swift' = {
            isa = PBXFileReference;
            lastKnownFileType = sourcecode.swift;
            path = 'ToJSON.swift';
            sourceTree = '<group>';
        };
        '__PBXFileRef_Sources/TransformOf.swift' = {
            isa = PBXFileReference;
            lastKnownFileType = sourcecode.swift;
            path = 'TransformOf.swift';
            sourceTree = '<group>';
        };
        '__PBXFileRef_Sources/TransformType.swift' = {
            isa = PBXFileReference;
            lastKnownFileType = sourcecode.swift;
            path = 'TransformType.swift';
            sourceTree = '<group>';
        };
        '__PBXFileRef_Sources/URLTransform.swift' = {
            isa = PBXFileReference;
            lastKnownFileType = sourcecode.swift;
            path = 'URLTransform.swift';
            sourceTree = '<group>';
        };
        ______Target_ObjectMapper = {
            isa = PBXNativeTarget;
            buildConfigurationList = _______Confs_ObjectMapper;
            buildPhases = (CompilePhase_ObjectMapper, ___LinkPhase_ObjectMapper);
            buildRules = ();
            dependencies = ();
            name = 'ObjectMapper';
            productName = ObjectMapper;
            productReference = _____Product_ObjectMapper;
            productType = 'com.apple.product-type.framework';
        };
        _____Product_ObjectMapper = {
            isa = PBXFileReference;
            explicitFileType = 'wrapper.framework';
            path = 'ObjectMapper.framework';
            sourceTree = BUILT_PRODUCTS_DIR;
        };
        CompilePhase_ObjectMapper = {
            isa = PBXSourcesBuildPhase;
            files = ('__src_cc_ref_Sources/CustomDateFormatTransform.swift', '__src_cc_ref_Sources/DataTransform.swift', '__src_cc_ref_Sources/DateFormatterTransform.swift', '__src_cc_ref_Sources/DateTransform.swift', '__src_cc_ref_Sources/DictionaryTransform.swift', '__src_cc_ref_Sources/EnumTransform.swift', '__src_cc_ref_Sources/FromJSON.swift', '__src_cc_ref_Sources/ISO8601DateTransform.swift', '__src_cc_ref_Sources/Map.swift', '__src_cc_ref_Sources/Mappable.swift', '__src_cc_ref_Sources/Mapper.swift', '__src_cc_ref_Sources/NSDecimalNumberTransform.swift', '__src_cc_ref_Sources/Operators.swift', '__src_cc_ref_Sources/ToJSON.swift', '__src_cc_ref_Sources/TransformOf.swift', '__src_cc_ref_Sources/TransformType.swift', '__src_cc_ref_Sources/URLTransform.swift');
            runOnlyForDeploymentPostprocessing = 0;
        };
        '__src_cc_ref_Sources/CustomDateFormatTransform.swift' = {
            isa = PBXBuildFile;
            fileRef = '__PBXFileRef_Sources/CustomDateFormatTransform.swift';
        };
        '__src_cc_ref_Sources/DataTransform.swift' = {
            isa = PBXBuildFile;
            fileRef = '__PBXFileRef_Sources/DataTransform.swift';
        };
        '__src_cc_ref_Sources/DateFormatterTransform.swift' = {
            isa = PBXBuildFile;
            fileRef = '__PBXFileRef_Sources/DateFormatterTransform.swift';
        };
        '__src_cc_ref_Sources/DateTransform.swift' = {
            isa = PBXBuildFile;
            fileRef = '__PBXFileRef_Sources/DateTransform.swift';
        };
        '__src_cc_ref_Sources/DictionaryTransform.swift' = {
            isa = PBXBuildFile;
            fileRef = '__PBXFileRef_Sources/DictionaryTransform.swift';
        };
        '__src_cc_ref_Sources/EnumTransform.swift' = {
            isa = PBXBuildFile;
            fileRef = '__PBXFileRef_Sources/EnumTransform.swift';
        };
        '__src_cc_ref_Sources/FromJSON.swift' = {
            isa = PBXBuildFile;
            fileRef = '__PBXFileRef_Sources/FromJSON.swift';
        };
        '__src_cc_ref_Sources/ISO8601DateTransform.swift' = {
            isa = PBXBuildFile;
            fileRef = '__PBXFileRef_Sources/ISO8601DateTransform.swift';
        };
        '__src_cc_ref_Sources/Map.swift' = {
            isa = PBXBuildFile;
            fileRef = '__PBXFileRef_Sources/Map.swift';
        };
        '__src_cc_ref_Sources/Mappable.swift' = {
            isa = PBXBuildFile;
            fileRef = '__PBXFileRef_Sources/Mappable.swift';
        };
        '__src_cc_ref_Sources/Mapper.swift' = {
            isa = PBXBuildFile;
            fileRef = '__PBXFileRef_Sources/Mapper.swift';
        };
        '__src_cc_ref_Sources/NSDecimalNumberTransform.swift' = {
            isa = PBXBuildFile;
            fileRef = '__PBXFileRef_Sources/NSDecimalNumberTransform.swift';
        };
        '__src_cc_ref_Sources/Operators.swift' = {
            isa = PBXBuildFile;
            fileRef = '__PBXFileRef_Sources/Operators.swift';
        };
        '__src_cc_ref_Sources/ToJSON.swift' = {
            isa = PBXBuildFile;
            fileRef = '__PBXFileRef_Sources/ToJSON.swift';
        };
        '__src_cc_ref_Sources/TransformOf.swift' = {
            isa = PBXBuildFile;
            fileRef = '__PBXFileRef_Sources/TransformOf.swift';
        };
        '__src_cc_ref_Sources/TransformType.swift' = {
            isa = PBXBuildFile;
            fileRef = '__PBXFileRef_Sources/TransformType.swift';
        };
        '__src_cc_ref_Sources/URLTransform.swift' = {
            isa = PBXBuildFile;
            fileRef = '__PBXFileRef_Sources/URLTransform.swift';
        };
        ___LinkPhase_ObjectMapper = {
            isa = PBXFrameworksBuildPhase;
            files = ();
            runOnlyForDeploymentPostprocessing = 0;
        };
        _______Confs_ObjectMapper = {
            isa = XCConfigurationList;
            buildConfigurations = (___DebugConf_ObjectMapper, _ReleaseConf_ObjectMapper);
            defaultConfigurationIsVisible = 0;
            defaultConfigurationName = Debug;
        };
        ___DebugConf_ObjectMapper = {
            isa = XCBuildConfiguration;
            buildSettings = { SWIFT_VERSION = '3.0'; LD_RUNPATH_SEARCH_PATHS = '$(TOOLCHAIN_DIR)/usr/lib/swift/macosx'; PRODUCT_MODULE_NAME = '$(TARGET_NAME:c99extidentifier)'; ENABLE_TESTABILITY = 'YES'; OTHER_SWIFT_FLAGS = '$(inherited)'; INFOPLIST_FILE = 'ObjectMapper.xcodeproj/ObjectMapper_Info.plist'; FRAMEWORK_SEARCH_PATHS = '$(PLATFORM_DIR)/Developer/Library/Frameworks'; SWIFT_OPTIMIZATION_LEVEL = '-Onone'; PRODUCT_BUNDLE_IDENTIFIER = 'ObjectMapper'; PRODUCT_NAME = '$(TARGET_NAME:c99extidentifier)'; OTHER_LDFLAGS = '$(inherited)'; };
            name = Debug;
        };
        _ReleaseConf_ObjectMapper = {
            isa = XCBuildConfiguration;
            buildSettings = { SWIFT_VERSION = '3.0'; LD_RUNPATH_SEARCH_PATHS = '$(TOOLCHAIN_DIR)/usr/lib/swift/macosx'; PRODUCT_MODULE_NAME = '$(TARGET_NAME:c99extidentifier)'; ENABLE_TESTABILITY = 'YES'; OTHER_SWIFT_FLAGS = '$(inherited)'; INFOPLIST_FILE = 'ObjectMapper.xcodeproj/ObjectMapper_Info.plist'; FRAMEWORK_SEARCH_PATHS = '$(PLATFORM_DIR)/Developer/Library/Frameworks'; PRODUCT_BUNDLE_IDENTIFIER = 'ObjectMapper'; PRODUCT_NAME = '$(TARGET_NAME:c99extidentifier)'; OTHER_LDFLAGS = '$(inherited)'; };
            name = Release;
        };
        __Dependency_ObjectMapper = {
            isa = PBXTargetDependency;
            target = ______Target_ObjectMapper;
        };
        '__PBXFileRef_ObjectMapper.xcodeproj/Configs/Project.xcconfig' = {
            isa = PBXFileReference;
            lastKnownFileType = text.xcconfig;
            path = 'ObjectMapper.xcodeproj/Configs/Project.xcconfig';
            sourceTree = '<group>';
        };
        _____Configs_ = {
            isa = PBXGroup;
            children = ('__PBXFileRef_ObjectMapper.xcodeproj/Configs/Project.xcconfig');
            name = Configs;
            sourceTree = '<group>';
        };
        _____Sources_ = {
            isa = PBXGroup;
            children = (_______Group_ObjectMapper);
            name = Sources;
            sourceTree = '<group>';
        };
        ____Products_ = {
            isa = PBXGroup;
            children = (_____Product_ObjectMapper);
            name = Products;
            sourceTree = '<group>';
        };
        _______Debug_ = {
            isa = XCBuildConfiguration;
            baseConfigurationReference = '__PBXFileRef_ObjectMapper.xcodeproj/Configs/Project.xcconfig';
            buildSettings = {};
            name = Debug;
        };
        _____Release_ = {
            isa = XCBuildConfiguration;
            baseConfigurationReference = '__PBXFileRef_ObjectMapper.xcodeproj/Configs/Project.xcconfig';
            buildSettings = {};
            name = Release;
        };
        ___RootConfs_ = {
            isa = XCConfigurationList;
            buildConfigurations = (_______Debug_, _____Release_);
            defaultConfigurationIsVisible = 0;
            defaultConfigurationName = Debug;
        };
    };
}
